{
  "version": 4,
  "terraform_version": "1.3.1",
  "serial": 3,
  "lineage": "b687c57a-c580-454c-c5e4-88a369e07e20",
  "outputs": {
    "outputrg": {
      "value": "yash@abc.com",
      "type": "string"
    },
    "outputsubbnetid": {
      "value": "/subscriptions/c8181ff6-16a9-497e-86ce-8bcb3d8c3578/resourceGroups/project-1/providers/Microsoft.Network/virtualNetworks/vnet-1/subnets/web-01",
      "type": "string"
    }
  },
  "resources": [
    {
      "mode": "managed",
      "type": "azurerm_app_service_virtual_network_swift_connection",
      "name": "example",
      "provider": "provider[\"registry.terraform.io/hashicorp/azurerm\"]",
      "instances": [
        {
          "schema_version": 0,
          "attributes": {
            "app_service_id": "/subscriptions/c8181ff6-16a9-497e-86ce-8bcb3d8c3578/resourceGroups/project-1/providers/Microsoft.Web/sites/demo-apprwt4554",
            "id": "/subscriptions/c8181ff6-16a9-497e-86ce-8bcb3d8c3578/resourceGroups/project-1/providers/Microsoft.Web/sites/demo-apprwt4554/config/virtualNetwork",
            "subnet_id": "/subscriptions/c8181ff6-16a9-497e-86ce-8bcb3d8c3578/resourceGroups/project-1/providers/Microsoft.Network/virtualNetworks/vnet-1/subnets/web-01",
            "timeouts": null
          },
          "sensitive_attributes": [],
          "private": "eyJlMmJmYjczMC1lY2FhLTExZTYtOGY4OC0zNDM2M2JjN2M0YzAiOnsiY3JlYXRlIjoxODAwMDAwMDAwMDAwLCJkZWxldGUiOjE4MDAwMDAwMDAwMDAsInJlYWQiOjMwMDAwMDAwMDAwMCwidXBkYXRlIjoxODAwMDAwMDAwMDAwfX0=",
          "dependencies": [
            "azurerm_resource_group.yrg",
            "azurerm_service_plan.yappplan",
            "azurerm_subnet.ysubnet1",
            "azurerm_virtual_network.yvnet",
            "azurerm_windows_web_app.yapp"
          ]
        }
      ]
    },
    {
      "mode": "managed",
      "type": "azurerm_frontdoor",
      "name": "yfd",
      "provider": "provider[\"registry.terraform.io/hashicorp/azurerm\"]",
      "instances": [
        {
          "schema_version": 2,
          "attributes": {
            "backend_pool": [
              {
                "backend": [
                  {
                    "address": "demo-apprwt4554.azurewebsites.net",
                    "enabled": true,
                    "host_header": "demo-apprwt4554.azurewebsites.net",
                    "http_port": 80,
                    "https_port": 443,
                    "priority": 1,
                    "weight": 50
                  }
                ],
                "health_probe_name": "HP-01",
                "id": "/subscriptions/c8181ff6-16a9-497e-86ce-8bcb3d8c3578/resourceGroups/project-1/providers/Microsoft.Network/frontDoors/Demo-fd-abcde/backendPools/Backend-01",
                "load_balancing_name": "LB-01",
                "name": "Backend-01"
              }
            ],
            "backend_pool_health_probe": [
              {
                "enabled": true,
                "id": "/subscriptions/c8181ff6-16a9-497e-86ce-8bcb3d8c3578/resourceGroups/project-1/providers/Microsoft.Network/frontDoors/Demo-fd-abcde/healthProbeSettings/HP-01",
                "interval_in_seconds": 120,
                "name": "HP-01",
                "path": "/",
                "probe_method": "GET",
                "protocol": "Https"
              }
            ],
            "backend_pool_health_probes": {
              "HP-01": "/subscriptions/c8181ff6-16a9-497e-86ce-8bcb3d8c3578/resourceGroups/project-1/providers/Microsoft.Network/frontDoors/Demo-fd-abcde/healthProbeSettings/HP-01"
            },
            "backend_pool_load_balancing": [
              {
                "additional_latency_milliseconds": 0,
                "id": "/subscriptions/c8181ff6-16a9-497e-86ce-8bcb3d8c3578/resourceGroups/project-1/providers/Microsoft.Network/frontDoors/Demo-fd-abcde/loadBalancingSettings/LB-01",
                "name": "LB-01",
                "sample_size": 4,
                "successful_samples_required": 2
              }
            ],
            "backend_pool_load_balancing_settings": {
              "LB-01": "/subscriptions/c8181ff6-16a9-497e-86ce-8bcb3d8c3578/resourceGroups/project-1/providers/Microsoft.Network/frontDoors/Demo-fd-abcde/loadBalancingSettings/LB-01"
            },
            "backend_pool_settings": [
              {
                "backend_pools_send_receive_timeout_seconds": 0,
                "enforce_backend_pools_certificate_name_check": false
              }
            ],
            "backend_pools": {
              "Backend-01": "/subscriptions/c8181ff6-16a9-497e-86ce-8bcb3d8c3578/resourceGroups/project-1/providers/Microsoft.Network/frontDoors/Demo-fd-abcde/backendPools/Backend-01"
            },
            "cname": "Demo-fd-abcde.azurefd.net",
            "explicit_resource_order": [
              {
                "backend_pool_health_probe_ids": [
                  "/subscriptions/c8181ff6-16a9-497e-86ce-8bcb3d8c3578/resourceGroups/project-1/providers/Microsoft.Network/frontDoors/Demo-fd-abcde/healthProbeSettings/HP-01"
                ],
                "backend_pool_ids": [
                  "/subscriptions/c8181ff6-16a9-497e-86ce-8bcb3d8c3578/resourceGroups/project-1/providers/Microsoft.Network/frontDoors/Demo-fd-abcde/backendPools/Backend-01"
                ],
                "backend_pool_load_balancing_ids": [
                  "/subscriptions/c8181ff6-16a9-497e-86ce-8bcb3d8c3578/resourceGroups/project-1/providers/Microsoft.Network/frontDoors/Demo-fd-abcde/loadBalancingSettings/LB-01"
                ],
                "frontend_endpoint_ids": [
                  "/subscriptions/c8181ff6-16a9-497e-86ce-8bcb3d8c3578/resourceGroups/project-1/providers/Microsoft.Network/frontDoors/Demo-fd-abcde/frontendEndpoints/frontend-01"
                ],
                "routing_rule_ids": [
                  "/subscriptions/c8181ff6-16a9-497e-86ce-8bcb3d8c3578/resourceGroups/project-1/providers/Microsoft.Network/frontDoors/Demo-fd-abcde/routingRules/Rule-01"
                ]
              }
            ],
            "friendly_name": "",
            "frontend_endpoint": [
              {
                "host_name": "Demo-fd-abcde.azurefd.net",
                "id": "/subscriptions/c8181ff6-16a9-497e-86ce-8bcb3d8c3578/resourceGroups/project-1/providers/Microsoft.Network/frontDoors/Demo-fd-abcde/frontendEndpoints/frontend-01",
                "name": "frontend-01",
                "session_affinity_enabled": false,
                "session_affinity_ttl_seconds": 0,
                "web_application_firewall_policy_link_id": "/subscriptions/c8181ff6-16a9-497e-86ce-8bcb3d8c3578/resourceGroups/project-1/providers/Microsoft.Network/frontDoorWebApplicationFirewallPolicies/demofdwerws"
              }
            ],
            "frontend_endpoints": {
              "frontend-01": "/subscriptions/c8181ff6-16a9-497e-86ce-8bcb3d8c3578/resourceGroups/project-1/providers/Microsoft.Network/frontDoors/Demo-fd-abcde/frontendEndpoints/frontend-01"
            },
            "header_frontdoor_id": "48d7343e-a8a0-44a7-9f1b-b06b8a49f8b9",
            "id": "/subscriptions/c8181ff6-16a9-497e-86ce-8bcb3d8c3578/resourceGroups/project-1/providers/Microsoft.Network/frontDoors/Demo-fd-abcde",
            "load_balancer_enabled": true,
            "name": "Demo-fd-abcde",
            "resource_group_name": "project-1",
            "routing_rule": [
              {
                "accepted_protocols": [
                  "Https"
                ],
                "enabled": true,
                "forwarding_configuration": [
                  {
                    "backend_pool_name": "Backend-01",
                    "cache_duration": "",
                    "cache_enabled": false,
                    "cache_query_parameter_strip_directive": "StripAll",
                    "cache_query_parameters": [],
                    "cache_use_dynamic_compression": false,
                    "custom_forwarding_path": "",
                    "forwarding_protocol": "HttpsOnly"
                  }
                ],
                "frontend_endpoints": [
                  "frontend-01"
                ],
                "id": "/subscriptions/c8181ff6-16a9-497e-86ce-8bcb3d8c3578/resourceGroups/project-1/providers/Microsoft.Network/frontDoors/Demo-fd-abcde/routingRules/Rule-01",
                "name": "Rule-01",
                "patterns_to_match": [
                  "/*"
                ],
                "redirect_configuration": []
              }
            ],
            "routing_rules": {
              "Rule-01": "/subscriptions/c8181ff6-16a9-497e-86ce-8bcb3d8c3578/resourceGroups/project-1/providers/Microsoft.Network/frontDoors/Demo-fd-abcde/routingRules/Rule-01"
            },
            "tags": {
              "Application Support": "yash@abc.com",
              "Business Vertical": "Demo",
              "CC Code": "456",
              "Owner": "yash@abc.com",
              "Owner Supervisor": "yash@abc.com",
              "PID": "Shared",
              "Project Name": "Demo_r2",
              "Provisioning Request": "98765",
              "SDO Code": "123",
              "Stack": "Prod"
            },
            "timeouts": null
          },
          "sensitive_attributes": [],
          "private": "eyJlMmJmYjczMC1lY2FhLTExZTYtOGY4OC0zNDM2M2JjN2M0YzAiOnsiY3JlYXRlIjoyMTYwMDAwMDAwMDAwMCwiZGVsZXRlIjoyMTYwMDAwMDAwMDAwMCwicmVhZCI6MzAwMDAwMDAwMDAwLCJ1cGRhdGUiOjIxNjAwMDAwMDAwMDAwfSwic2NoZW1hX3ZlcnNpb24iOiIyIn0=",
          "dependencies": [
            "azurerm_frontdoor_firewall_policy.ywaf",
            "azurerm_resource_group.yrg",
            "azurerm_service_plan.yappplan",
            "azurerm_subnet.ysubnet1",
            "azurerm_virtual_network.yvnet",
            "azurerm_windows_web_app.yapp"
          ]
        }
      ]
    },
    {
      "mode": "managed",
      "type": "azurerm_frontdoor_firewall_policy",
      "name": "ywaf",
      "provider": "provider[\"registry.terraform.io/hashicorp/azurerm\"]",
      "instances": [
        {
          "schema_version": 1,
          "attributes": {
            "custom_block_response_body": "",
            "custom_block_response_status_code": 0,
            "custom_rule": [],
            "enabled": true,
            "frontend_endpoint_ids": [
              "/subscriptions/c8181ff6-16a9-497e-86ce-8bcb3d8c3578/resourcegroups/project-1/providers/Microsoft.Network/frontdoors/Demo-fd-abcde/frontendendpoints/frontend-01"
            ],
            "id": "/subscriptions/c8181ff6-16a9-497e-86ce-8bcb3d8c3578/resourceGroups/project-1/providers/Microsoft.Network/frontDoorWebApplicationFirewallPolicies/demofdwerws",
            "location": "global",
            "managed_rule": [
              {
                "exclusion": [],
                "override": [],
                "type": "DefaultRuleSet",
                "version": "1.0"
              }
            ],
            "mode": "Prevention",
            "name": "demofdwerws",
            "redirect_url": "",
            "resource_group_name": "project-1",
            "tags": {
              "Application Support": "yash@abc.com",
              "Business Vertical": "Demo",
              "CC Code": "456",
              "Owner": "yash@abc.com",
              "Owner Supervisor": "yash@abc.com",
              "PID": "Shared",
              "Project Name": "Demo_r2",
              "Provisioning Request": "98765",
              "SDO Code": "123",
              "Stack": "Prod"
            },
            "timeouts": null
          },
          "sensitive_attributes": [],
          "private": "eyJlMmJmYjczMC1lY2FhLTExZTYtOGY4OC0zNDM2M2JjN2M0YzAiOnsiY3JlYXRlIjoxODAwMDAwMDAwMDAwLCJkZWxldGUiOjE4MDAwMDAwMDAwMDAsInJlYWQiOjMwMDAwMDAwMDAwMCwidXBkYXRlIjoxODAwMDAwMDAwMDAwfSwic2NoZW1hX3ZlcnNpb24iOiIxIn0=",
          "dependencies": [
            "azurerm_resource_group.yrg"
          ]
        }
      ]
    },
    {
      "mode": "managed",
      "type": "azurerm_lb",
      "name": "ylb",
      "provider": "provider[\"registry.terraform.io/hashicorp/azurerm\"]",
      "instances": [
        {
          "schema_version": 0,
          "attributes": {
            "edge_zone": "",
            "frontend_ip_configuration": [
              {
                "gateway_load_balancer_frontend_ip_configuration_id": "",
                "id": "/subscriptions/c8181ff6-16a9-497e-86ce-8bcb3d8c3578/resourceGroups/project-1/providers/Microsoft.Network/loadBalancers/app-lb/frontendIPConfigurations/app-fe",
                "inbound_nat_rules": [],
                "load_balancer_rules": [
                  "/subscriptions/c8181ff6-16a9-497e-86ce-8bcb3d8c3578/resourceGroups/project-1/providers/Microsoft.Network/loadBalancers/app-lb/loadBalancingRules/app-rule"
                ],
                "name": "app-fe",
                "outbound_rules": [],
                "private_ip_address": "192.168.2.5",
                "private_ip_address_allocation": "Dynamic",
                "private_ip_address_version": "IPv4",
                "public_ip_address_id": "",
                "public_ip_prefix_id": "",
                "subnet_id": "/subscriptions/c8181ff6-16a9-497e-86ce-8bcb3d8c3578/resourceGroups/project-1/providers/Microsoft.Network/virtualNetworks/vnet-1/subnets/app-01",
                "zones": []
              }
            ],
            "id": "/subscriptions/c8181ff6-16a9-497e-86ce-8bcb3d8c3578/resourceGroups/project-1/providers/Microsoft.Network/loadBalancers/app-lb",
            "location": "centralindia",
            "name": "app-lb",
            "private_ip_address": "192.168.2.5",
            "private_ip_addresses": [
              "192.168.2.5"
            ],
            "resource_group_name": "project-1",
            "sku": "Standard",
            "sku_tier": "Regional",
            "tags": {},
            "timeouts": null
          },
          "sensitive_attributes": [],
          "private": "eyJlMmJmYjczMC1lY2FhLTExZTYtOGY4OC0zNDM2M2JjN2M0YzAiOnsiY3JlYXRlIjoxODAwMDAwMDAwMDAwLCJkZWxldGUiOjE4MDAwMDAwMDAwMDAsInJlYWQiOjMwMDAwMDAwMDAwMCwidXBkYXRlIjoxODAwMDAwMDAwMDAwfX0=",
          "dependencies": [
            "azurerm_resource_group.yrg",
            "azurerm_subnet.ysubnet",
            "azurerm_virtual_network.yvnet"
          ]
        }
      ]
    },
    {
      "mode": "managed",
      "type": "azurerm_lb_backend_address_pool",
      "name": "ybackend",
      "provider": "provider[\"registry.terraform.io/hashicorp/azurerm\"]",
      "instances": [
        {
          "schema_version": 0,
          "attributes": {
            "backend_ip_configurations": [
              "/subscriptions/c8181ff6-16a9-497e-86ce-8bcb3d8c3578/resourceGroups/project-1/providers/Microsoft.Network/networkInterfaces/app-vm-1-nic/ipConfigurations/web-vm-ip-1"
            ],
            "id": "/subscriptions/c8181ff6-16a9-497e-86ce-8bcb3d8c3578/resourceGroups/project-1/providers/Microsoft.Network/loadBalancers/app-lb/backendAddressPools/app-pool",
            "load_balancing_rules": [],
            "loadbalancer_id": "/subscriptions/c8181ff6-16a9-497e-86ce-8bcb3d8c3578/resourceGroups/project-1/providers/Microsoft.Network/loadBalancers/app-lb",
            "name": "app-pool",
            "outbound_rules": [],
            "timeouts": null,
            "tunnel_interface": []
          },
          "sensitive_attributes": [],
          "private": "eyJlMmJmYjczMC1lY2FhLTExZTYtOGY4OC0zNDM2M2JjN2M0YzAiOnsiY3JlYXRlIjoxODAwMDAwMDAwMDAwLCJkZWxldGUiOjE4MDAwMDAwMDAwMDAsInJlYWQiOjMwMDAwMDAwMDAwMCwidXBkYXRlIjoxODAwMDAwMDAwMDAwfX0=",
          "dependencies": [
            "azurerm_lb.ylb",
            "azurerm_resource_group.yrg",
            "azurerm_subnet.ysubnet",
            "azurerm_virtual_network.yvnet"
          ]
        }
      ]
    },
    {
      "mode": "managed",
      "type": "azurerm_lb_probe",
      "name": "yprobe",
      "provider": "provider[\"registry.terraform.io/hashicorp/azurerm\"]",
      "instances": [
        {
          "schema_version": 0,
          "attributes": {
            "id": "/subscriptions/c8181ff6-16a9-497e-86ce-8bcb3d8c3578/resourceGroups/project-1/providers/Microsoft.Network/loadBalancers/app-lb/probes/https-probe",
            "interval_in_seconds": 15,
            "load_balancer_rules": [
              "/subscriptions/c8181ff6-16a9-497e-86ce-8bcb3d8c3578/resourceGroups/project-1/providers/Microsoft.Network/loadBalancers/app-lb/loadBalancingRules/app-rule"
            ],
            "loadbalancer_id": "/subscriptions/c8181ff6-16a9-497e-86ce-8bcb3d8c3578/resourceGroups/project-1/providers/Microsoft.Network/loadBalancers/app-lb",
            "name": "https-probe",
            "number_of_probes": 2,
            "port": 5072,
            "protocol": "Tcp",
            "request_path": "",
            "timeouts": null
          },
          "sensitive_attributes": [],
          "private": "eyJlMmJmYjczMC1lY2FhLTExZTYtOGY4OC0zNDM2M2JjN2M0YzAiOnsiY3JlYXRlIjoxODAwMDAwMDAwMDAwLCJkZWxldGUiOjE4MDAwMDAwMDAwMDAsInJlYWQiOjMwMDAwMDAwMDAwMCwidXBkYXRlIjoxODAwMDAwMDAwMDAwfX0=",
          "dependencies": [
            "azurerm_lb.ylb",
            "azurerm_resource_group.yrg",
            "azurerm_subnet.ysubnet",
            "azurerm_virtual_network.yvnet"
          ]
        }
      ]
    },
    {
      "mode": "managed",
      "type": "azurerm_lb_rule",
      "name": "yrule",
      "provider": "provider[\"registry.terraform.io/hashicorp/azurerm\"]",
      "instances": [
        {
          "index_key": 0,
          "schema_version": 0,
          "attributes": {
            "backend_address_pool_ids": [],
            "backend_port": 5072,
            "disable_outbound_snat": false,
            "enable_floating_ip": false,
            "enable_tcp_reset": false,
            "frontend_ip_configuration_id": "/subscriptions/c8181ff6-16a9-497e-86ce-8bcb3d8c3578/resourceGroups/project-1/providers/Microsoft.Network/loadBalancers/app-lb/frontendIPConfigurations/app-fe",
            "frontend_ip_configuration_name": "app-fe",
            "frontend_port": 5072,
            "id": "/subscriptions/c8181ff6-16a9-497e-86ce-8bcb3d8c3578/resourceGroups/project-1/providers/Microsoft.Network/loadBalancers/app-lb/loadBalancingRules/app-rule",
            "idle_timeout_in_minutes": 5,
            "load_distribution": "Default",
            "loadbalancer_id": "/subscriptions/c8181ff6-16a9-497e-86ce-8bcb3d8c3578/resourceGroups/project-1/providers/Microsoft.Network/loadBalancers/app-lb",
            "name": "app-rule",
            "probe_id": "/subscriptions/c8181ff6-16a9-497e-86ce-8bcb3d8c3578/resourceGroups/project-1/providers/Microsoft.Network/loadBalancers/app-lb/probes/https-probe",
            "protocol": "Tcp",
            "timeouts": null
          },
          "sensitive_attributes": [],
          "private": "eyJlMmJmYjczMC1lY2FhLTExZTYtOGY4OC0zNDM2M2JjN2M0YzAiOnsiY3JlYXRlIjoxODAwMDAwMDAwMDAwLCJkZWxldGUiOjE4MDAwMDAwMDAwMDAsInJlYWQiOjMwMDAwMDAwMDAwMCwidXBkYXRlIjoxODAwMDAwMDAwMDAwfX0=",
          "dependencies": [
            "azurerm_lb.ylb",
            "azurerm_lb_probe.yprobe",
            "azurerm_resource_group.yrg",
            "azurerm_subnet.ysubnet",
            "azurerm_virtual_network.yvnet"
          ]
        }
      ]
    },
    {
      "mode": "managed",
      "type": "azurerm_mssql_database",
      "name": "ydb",
      "provider": "provider[\"registry.terraform.io/hashicorp/azurerm\"]",
      "instances": [
        {
          "schema_version": 1,
          "attributes": {
            "auto_pause_delay_in_minutes": 0,
            "collation": "SQL_Latin1_General_CP1_CI_AS",
            "create_mode": "Default",
            "creation_source_database_id": null,
            "elastic_pool_id": "",
            "geo_backup_enabled": true,
            "id": "/subscriptions/c8181ff6-16a9-497e-86ce-8bcb3d8c3578/resourceGroups/project-1/providers/Microsoft.Sql/servers/y-sql-welt49tmdu/databases/db-01",
            "ledger_enabled": false,
            "license_type": "",
            "long_term_retention_policy": [
              {
                "monthly_retention": "PT0S",
                "week_of_year": 0,
                "weekly_retention": "PT0S",
                "yearly_retention": "PT0S"
              }
            ],
            "max_size_gb": 2,
            "min_capacity": 0,
            "name": "db-01",
            "read_replica_count": 0,
            "read_scale": false,
            "recover_database_id": null,
            "restore_dropped_database_id": null,
            "restore_point_in_time": null,
            "sample_name": null,
            "server_id": "/subscriptions/c8181ff6-16a9-497e-86ce-8bcb3d8c3578/resourceGroups/project-1/providers/Microsoft.Sql/servers/y-sql-welt49tmdu",
            "short_term_retention_policy": [
              {
                "backup_interval_in_hours": 24,
                "retention_days": 7
              }
            ],
            "sku_name": "Basic",
            "storage_account_type": "Geo",
            "tags": {},
            "threat_detection_policy": [
              {
                "disabled_alerts": [],
                "email_account_admins": "Disabled",
                "email_addresses": [],
                "retention_days": 0,
                "state": "Disabled",
                "storage_account_access_key": "",
                "storage_endpoint": ""
              }
            ],
            "timeouts": null,
            "transparent_data_encryption_enabled": true,
            "zone_redundant": false
          },
          "sensitive_attributes": [],
          "private": "eyJlMmJmYjczMC1lY2FhLTExZTYtOGY4OC0zNDM2M2JjN2M0YzAiOnsiY3JlYXRlIjozNjAwMDAwMDAwMDAwLCJkZWxldGUiOjM2MDAwMDAwMDAwMDAsInJlYWQiOjMwMDAwMDAwMDAwMCwidXBkYXRlIjozNjAwMDAwMDAwMDAwfSwic2NoZW1hX3ZlcnNpb24iOiIxIn0=",
          "dependencies": [
            "azurerm_mssql_server.ysql",
            "azurerm_resource_group.yrg",
            "random_string.random"
          ]
        }
      ]
    },
    {
      "mode": "managed",
      "type": "azurerm_mssql_server",
      "name": "ysql",
      "provider": "provider[\"registry.terraform.io/hashicorp/azurerm\"]",
      "instances": [
        {
          "schema_version": 0,
          "attributes": {
            "administrator_login": "sqladmin",
            "administrator_login_password": "qwerty@12345678",
            "azuread_administrator": [],
            "connection_policy": "Default",
            "fully_qualified_domain_name": "y-sql-welt49tmdu.database.windows.net",
            "id": "/subscriptions/c8181ff6-16a9-497e-86ce-8bcb3d8c3578/resourceGroups/project-1/providers/Microsoft.Sql/servers/y-sql-welt49tmdu",
            "identity": [],
            "location": "centralindia",
            "minimum_tls_version": "1.2",
            "name": "y-sql-welt49tmdu",
            "outbound_network_restriction_enabled": false,
            "primary_user_assigned_identity_id": "",
            "public_network_access_enabled": true,
            "resource_group_name": "project-1",
            "restorable_dropped_database_ids": [],
            "tags": {
              "Application Support": "yash@abc.com",
              "Business Vertical": "Demo",
              "CC Code": "456",
              "Owner": "yash@abc.com",
              "Owner Supervisor": "yash@abc.com",
              "PID": "Shared",
              "Project Name": "Demo_r2",
              "Provisioning Request": "98765",
              "SDO Code": "123",
              "Stack": "Prod"
            },
            "timeouts": null,
            "version": "12.0"
          },
          "sensitive_attributes": [
            [
              {
                "type": "get_attr",
                "value": "administrator_login"
              }
            ],
            [
              {
                "type": "get_attr",
                "value": "administrator_login_password"
              }
            ]
          ],
          "private": "eyJlMmJmYjczMC1lY2FhLTExZTYtOGY4OC0zNDM2M2JjN2M0YzAiOnsiY3JlYXRlIjozNjAwMDAwMDAwMDAwLCJkZWxldGUiOjM2MDAwMDAwMDAwMDAsInJlYWQiOjMwMDAwMDAwMDAwMCwidXBkYXRlIjozNjAwMDAwMDAwMDAwfX0=",
          "dependencies": [
            "azurerm_resource_group.yrg",
            "random_string.random"
          ]
        }
      ]
    },
    {
      "mode": "managed",
      "type": "azurerm_mssql_virtual_network_rule",
      "name": "example",
      "provider": "provider[\"registry.terraform.io/hashicorp/azurerm\"]",
      "instances": [
        {
          "schema_version": 0,
          "attributes": {
            "id": "/subscriptions/c8181ff6-16a9-497e-86ce-8bcb3d8c3578/resourceGroups/project-1/providers/Microsoft.Sql/servers/y-sql-welt49tmdu/virtualNetworkRules/internal-vnet",
            "ignore_missing_vnet_service_endpoint": false,
            "name": "internal-vnet",
            "server_id": "/subscriptions/c8181ff6-16a9-497e-86ce-8bcb3d8c3578/resourceGroups/project-1/providers/Microsoft.Sql/servers/y-sql-welt49tmdu",
            "subnet_id": "/subscriptions/c8181ff6-16a9-497e-86ce-8bcb3d8c3578/resourceGroups/project-1/providers/Microsoft.Network/virtualNetworks/vnet-1/subnets/db-01",
            "timeouts": null
          },
          "sensitive_attributes": [],
          "private": "eyJlMmJmYjczMC1lY2FhLTExZTYtOGY4OC0zNDM2M2JjN2M0YzAiOnsiY3JlYXRlIjoxODAwMDAwMDAwMDAwLCJkZWxldGUiOjE4MDAwMDAwMDAwMDAsInJlYWQiOjMwMDAwMDAwMDAwMCwidXBkYXRlIjoxODAwMDAwMDAwMDAwfX0=",
          "dependencies": [
            "azurerm_mssql_server.ysql",
            "azurerm_resource_group.yrg",
            "azurerm_subnet.ysubnet",
            "azurerm_virtual_network.yvnet",
            "random_string.random"
          ]
        }
      ]
    },
    {
      "mode": "managed",
      "type": "azurerm_network_interface",
      "name": "vm",
      "provider": "provider[\"registry.terraform.io/hashicorp/azurerm\"]",
      "instances": [
        {
          "index_key": 0,
          "schema_version": 0,
          "attributes": {
            "applied_dns_servers": [],
            "dns_servers": [],
            "edge_zone": "",
            "enable_accelerated_networking": false,
            "enable_ip_forwarding": false,
            "id": "/subscriptions/c8181ff6-16a9-497e-86ce-8bcb3d8c3578/resourceGroups/project-1/providers/Microsoft.Network/networkInterfaces/app-vm-1-nic",
            "internal_dns_name_label": "",
            "internal_domain_name_suffix": "pmffbjwhdbeu5hbbv23emiktic.rx.internal.cloudapp.net",
            "ip_configuration": [
              {
                "gateway_load_balancer_frontend_ip_configuration_id": "",
                "name": "web-vm-ip-1",
                "primary": true,
                "private_ip_address": "192.168.2.4",
                "private_ip_address_allocation": "Dynamic",
                "private_ip_address_version": "IPv4",
                "public_ip_address_id": "",
                "subnet_id": "/subscriptions/c8181ff6-16a9-497e-86ce-8bcb3d8c3578/resourceGroups/project-1/providers/Microsoft.Network/virtualNetworks/vnet-1/subnets/app-01"
              }
            ],
            "location": "centralindia",
            "mac_address": "60-45-BD-73-3D-73",
            "name": "app-vm-1-nic",
            "private_ip_address": "192.168.2.4",
            "private_ip_addresses": [
              "192.168.2.4"
            ],
            "resource_group_name": "project-1",
            "tags": {
              "Application Support": "yash@abc.com",
              "Business Vertical": "Demo",
              "CC Code": "456",
              "Owner": "yash@abc.com",
              "Owner Supervisor": "yash@abc.com",
              "PID": "Shared",
              "Project Name": "Demo_r2",
              "Provisioning Request": "98765",
              "SDO Code": "123",
              "Stack": "Prod"
            },
            "timeouts": null,
            "virtual_machine_id": "/subscriptions/c8181ff6-16a9-497e-86ce-8bcb3d8c3578/resourceGroups/project-1/providers/Microsoft.Compute/virtualMachines/app-vm-1"
          },
          "sensitive_attributes": [],
          "private": "eyJlMmJmYjczMC1lY2FhLTExZTYtOGY4OC0zNDM2M2JjN2M0YzAiOnsiY3JlYXRlIjoxODAwMDAwMDAwMDAwLCJkZWxldGUiOjE4MDAwMDAwMDAwMDAsInJlYWQiOjMwMDAwMDAwMDAwMCwidXBkYXRlIjoxODAwMDAwMDAwMDAwfX0=",
          "dependencies": [
            "azurerm_resource_group.yrg",
            "azurerm_subnet.ysubnet",
            "azurerm_virtual_network.yvnet"
          ]
        }
      ]
    },
    {
      "mode": "managed",
      "type": "azurerm_network_interface_backend_address_pool_association",
      "name": "yaso",
      "provider": "provider[\"registry.terraform.io/hashicorp/azurerm\"]",
      "instances": [
        {
          "index_key": 0,
          "schema_version": 0,
          "attributes": {
            "backend_address_pool_id": "/subscriptions/c8181ff6-16a9-497e-86ce-8bcb3d8c3578/resourceGroups/project-1/providers/Microsoft.Network/loadBalancers/app-lb/backendAddressPools/app-pool",
            "id": "/subscriptions/c8181ff6-16a9-497e-86ce-8bcb3d8c3578/resourceGroups/project-1/providers/Microsoft.Network/networkInterfaces/app-vm-1-nic/ipConfigurations/web-vm-ip-1|/subscriptions/c8181ff6-16a9-497e-86ce-8bcb3d8c3578/resourceGroups/project-1/providers/Microsoft.Network/loadBalancers/app-lb/backendAddressPools/app-pool",
            "ip_configuration_name": "web-vm-ip-1",
            "network_interface_id": "/subscriptions/c8181ff6-16a9-497e-86ce-8bcb3d8c3578/resourceGroups/project-1/providers/Microsoft.Network/networkInterfaces/app-vm-1-nic",
            "timeouts": null
          },
          "sensitive_attributes": [],
          "private": "eyJlMmJmYjczMC1lY2FhLTExZTYtOGY4OC0zNDM2M2JjN2M0YzAiOnsiY3JlYXRlIjoxODAwMDAwMDAwMDAwLCJkZWxldGUiOjE4MDAwMDAwMDAwMDAsInJlYWQiOjMwMDAwMDAwMDAwMCwidXBkYXRlIjoxODAwMDAwMDAwMDAwfX0=",
          "dependencies": [
            "azurerm_lb.ylb",
            "azurerm_lb_backend_address_pool.ybackend",
            "azurerm_network_interface.vm",
            "azurerm_resource_group.yrg",
            "azurerm_subnet.ysubnet",
            "azurerm_virtual_network.yvnet"
          ]
        }
      ]
    },
    {
      "mode": "managed",
      "type": "azurerm_resource_group",
      "name": "yrg",
      "provider": "provider[\"registry.terraform.io/hashicorp/azurerm\"]",
      "instances": [
        {
          "schema_version": 0,
          "attributes": {
            "id": "/subscriptions/c8181ff6-16a9-497e-86ce-8bcb3d8c3578/resourceGroups/project-1",
            "location": "centralindia",
            "name": "project-1",
            "tags": {
              "Application Support": "yash@abc.com",
              "Business Vertical": "Demo",
              "CC Code": "456",
              "Owner": "yash@abc.com",
              "Owner Supervisor": "yash@abc.com",
              "PID": "Shared",
              "Project Name": "Demo_r2",
              "Provisioning Request": "98765",
              "SDO Code": "123",
              "Stack": "Prod"
            },
            "timeouts": null
          },
          "sensitive_attributes": [],
          "private": "eyJlMmJmYjczMC1lY2FhLTExZTYtOGY4OC0zNDM2M2JjN2M0YzAiOnsiY3JlYXRlIjo1NDAwMDAwMDAwMDAwLCJkZWxldGUiOjU0MDAwMDAwMDAwMDAsInJlYWQiOjMwMDAwMDAwMDAwMCwidXBkYXRlIjo1NDAwMDAwMDAwMDAwfX0="
        }
      ]
    },
    {
      "mode": "managed",
      "type": "azurerm_service_plan",
      "name": "yappplan",
      "provider": "provider[\"registry.terraform.io/hashicorp/azurerm\"]",
      "instances": [
        {
          "schema_version": 0,
          "attributes": {
            "app_service_environment_id": "",
            "id": "/subscriptions/c8181ff6-16a9-497e-86ce-8bcb3d8c3578/resourceGroups/project-1/providers/Microsoft.Web/serverfarms/Demo-asp",
            "kind": "app",
            "location": "centralindia",
            "maximum_elastic_worker_count": 1,
            "name": "Demo-asp",
            "os_type": "Windows",
            "per_site_scaling_enabled": false,
            "reserved": false,
            "resource_group_name": "project-1",
            "sku_name": "S2",
            "tags": {
              "Application Support": "yash@abc.com",
              "Business Vertical": "Demo",
              "CC Code": "456",
              "Owner": "yash@abc.com",
              "Owner Supervisor": "yash@abc.com",
              "PID": "Shared",
              "Project Name": "Demo_r2",
              "Provisioning Request": "98765",
              "SDO Code": "123",
              "Stack": "Prod"
            },
            "timeouts": null,
            "worker_count": 1,
            "zone_balancing_enabled": false
          },
          "sensitive_attributes": [],
          "private": "eyJlMmJmYjczMC1lY2FhLTExZTYtOGY4OC0zNDM2M2JjN2M0YzAiOnsiY3JlYXRlIjozNjAwMDAwMDAwMDAwLCJkZWxldGUiOjM2MDAwMDAwMDAwMDAsInJlYWQiOjMwMDAwMDAwMDAwMCwidXBkYXRlIjozNjAwMDAwMDAwMDAwfX0=",
          "dependencies": [
            "azurerm_resource_group.yrg"
          ]
        }
      ]
    },
    {
      "mode": "managed",
      "type": "azurerm_subnet",
      "name": "ysubnet",
      "provider": "provider[\"registry.terraform.io/hashicorp/azurerm\"]",
      "instances": [
        {
          "index_key": 0,
          "schema_version": 0,
          "attributes": {
            "address_prefixes": [
              "192.168.2.0/24"
            ],
            "delegation": [],
            "enforce_private_link_endpoint_network_policies": false,
            "enforce_private_link_service_network_policies": false,
            "id": "/subscriptions/c8181ff6-16a9-497e-86ce-8bcb3d8c3578/resourceGroups/project-1/providers/Microsoft.Network/virtualNetworks/vnet-1/subnets/app-01",
            "name": "app-01",
            "resource_group_name": "project-1",
            "service_endpoint_policy_ids": [],
            "service_endpoints": [
              "Microsoft.sql"
            ],
            "timeouts": null,
            "virtual_network_name": "vnet-1"
          },
          "sensitive_attributes": [],
          "private": "eyJlMmJmYjczMC1lY2FhLTExZTYtOGY4OC0zNDM2M2JjN2M0YzAiOnsiY3JlYXRlIjoxODAwMDAwMDAwMDAwLCJkZWxldGUiOjE4MDAwMDAwMDAwMDAsInJlYWQiOjMwMDAwMDAwMDAwMCwidXBkYXRlIjoxODAwMDAwMDAwMDAwfX0=",
          "dependencies": [
            "azurerm_resource_group.yrg",
            "azurerm_virtual_network.yvnet"
          ]
        },
        {
          "index_key": 1,
          "schema_version": 0,
          "attributes": {
            "address_prefixes": [
              "192.168.3.0/24"
            ],
            "delegation": [],
            "enforce_private_link_endpoint_network_policies": false,
            "enforce_private_link_service_network_policies": false,
            "id": "/subscriptions/c8181ff6-16a9-497e-86ce-8bcb3d8c3578/resourceGroups/project-1/providers/Microsoft.Network/virtualNetworks/vnet-1/subnets/db-01",
            "name": "db-01",
            "resource_group_name": "project-1",
            "service_endpoint_policy_ids": [],
            "service_endpoints": [
              "Microsoft.sql"
            ],
            "timeouts": null,
            "virtual_network_name": "vnet-1"
          },
          "sensitive_attributes": [],
          "private": "eyJlMmJmYjczMC1lY2FhLTExZTYtOGY4OC0zNDM2M2JjN2M0YzAiOnsiY3JlYXRlIjoxODAwMDAwMDAwMDAwLCJkZWxldGUiOjE4MDAwMDAwMDAwMDAsInJlYWQiOjMwMDAwMDAwMDAwMCwidXBkYXRlIjoxODAwMDAwMDAwMDAwfX0=",
          "dependencies": [
            "azurerm_resource_group.yrg",
            "azurerm_virtual_network.yvnet"
          ]
        }
      ]
    },
    {
      "mode": "managed",
      "type": "azurerm_subnet",
      "name": "ysubnet1",
      "provider": "provider[\"registry.terraform.io/hashicorp/azurerm\"]",
      "instances": [
        {
          "schema_version": 0,
          "attributes": {
            "address_prefixes": [
              "192.168.1.0/24"
            ],
            "delegation": [
              {
                "name": "delegation",
                "service_delegation": [
                  {
                    "actions": [
                      "Microsoft.Network/virtualNetworks/subnets/action"
                    ],
                    "name": "Microsoft.Web/serverFarms"
                  }
                ]
              }
            ],
            "enforce_private_link_endpoint_network_policies": false,
            "enforce_private_link_service_network_policies": false,
            "id": "/subscriptions/c8181ff6-16a9-497e-86ce-8bcb3d8c3578/resourceGroups/project-1/providers/Microsoft.Network/virtualNetworks/vnet-1/subnets/web-01",
            "name": "web-01",
            "resource_group_name": "project-1",
            "service_endpoint_policy_ids": [],
            "service_endpoints": [],
            "timeouts": null,
            "virtual_network_name": "vnet-1"
          },
          "sensitive_attributes": [],
          "private": "eyJlMmJmYjczMC1lY2FhLTExZTYtOGY4OC0zNDM2M2JjN2M0YzAiOnsiY3JlYXRlIjoxODAwMDAwMDAwMDAwLCJkZWxldGUiOjE4MDAwMDAwMDAwMDAsInJlYWQiOjMwMDAwMDAwMDAwMCwidXBkYXRlIjoxODAwMDAwMDAwMDAwfX0=",
          "dependencies": [
            "azurerm_resource_group.yrg",
            "azurerm_virtual_network.yvnet"
          ]
        }
      ]
    },
    {
      "mode": "managed",
      "type": "azurerm_virtual_machine",
      "name": "yvm",
      "provider": "provider[\"registry.terraform.io/hashicorp/azurerm\"]",
      "instances": [
        {
          "index_key": 0,
          "schema_version": 0,
          "attributes": {
            "additional_capabilities": [],
            "availability_set_id": null,
            "boot_diagnostics": [],
            "delete_data_disks_on_termination": false,
            "delete_os_disk_on_termination": false,
            "id": "/subscriptions/c8181ff6-16a9-497e-86ce-8bcb3d8c3578/resourceGroups/project-1/providers/Microsoft.Compute/virtualMachines/app-vm-1",
            "identity": [],
            "license_type": null,
            "location": "centralindia",
            "name": "app-vm-1",
            "network_interface_ids": [
              "/subscriptions/c8181ff6-16a9-497e-86ce-8bcb3d8c3578/resourceGroups/project-1/providers/Microsoft.Network/networkInterfaces/app-vm-1-nic"
            ],
            "os_profile": [
              {
                "admin_password": "",
                "admin_username": "azureuser",
                "computer_name": "app-vm-1",
                "custom_data": ""
              }
            ],
            "os_profile_linux_config": [],
            "os_profile_secrets": [],
            "os_profile_windows_config": [
              {
                "additional_unattend_config": [],
                "enable_automatic_upgrades": false,
                "provision_vm_agent": true,
                "timezone": "",
                "winrm": []
              }
            ],
            "plan": [],
            "primary_network_interface_id": null,
            "proximity_placement_group_id": null,
            "resource_group_name": "project-1",
            "storage_data_disk": [],
            "storage_image_reference": [
              {
                "id": "",
                "offer": "WindowsServer",
                "publisher": "MicrosoftWindowsServer",
                "sku": "2016-Datacenter",
                "version": "latest"
              }
            ],
            "storage_os_disk": [
              {
                "caching": "ReadWrite",
                "create_option": "FromImage",
                "disk_size_gb": 127,
                "image_uri": "",
                "managed_disk_id": "/subscriptions/c8181ff6-16a9-497e-86ce-8bcb3d8c3578/resourceGroups/project-1/providers/Microsoft.Compute/disks/app-vm-1-osdisk",
                "managed_disk_type": "Standard_LRS",
                "name": "app-vm-1-osdisk",
                "os_type": "Windows",
                "vhd_uri": "",
                "write_accelerator_enabled": false
              }
            ],
            "tags": {
              "Application Support": "yash@abc.com",
              "Business Vertical": "Demo",
              "CC Code": "456",
              "Owner": "yash@abc.com",
              "Owner Supervisor": "yash@abc.com",
              "PID": "Shared",
              "Project Name": "Demo_r2",
              "Provisioning Request": "98765",
              "SDO Code": "123",
              "Stack": "Prod"
            },
            "timeouts": null,
            "vm_size": "Standard_B2s",
            "zones": [
              "1"
            ]
          },
          "sensitive_attributes": [
            [
              {
                "type": "get_attr",
                "value": "os_profile"
              }
            ]
          ],
          "private": "eyJlMmJmYjczMC1lY2FhLTExZTYtOGY4OC0zNDM2M2JjN2M0YzAiOnsiY3JlYXRlIjozNjAwMDAwMDAwMDAwLCJkZWxldGUiOjM2MDAwMDAwMDAwMDAsInJlYWQiOjMwMDAwMDAwMDAwMCwidXBkYXRlIjozNjAwMDAwMDAwMDAwfX0=",
          "dependencies": [
            "azurerm_network_interface.vm",
            "azurerm_resource_group.yrg",
            "azurerm_subnet.ysubnet",
            "azurerm_virtual_network.yvnet"
          ]
        }
      ]
    },
    {
      "mode": "managed",
      "type": "azurerm_virtual_network",
      "name": "yvnet",
      "provider": "provider[\"registry.terraform.io/hashicorp/azurerm\"]",
      "instances": [
        {
          "schema_version": 0,
          "attributes": {
            "address_space": [
              "192.168.0.0/16"
            ],
            "bgp_community": "",
            "ddos_protection_plan": [],
            "dns_servers": [],
            "edge_zone": "",
            "flow_timeout_in_minutes": 0,
            "guid": "a6500a7b-18c7-4f49-9c21-af3a46215342",
            "id": "/subscriptions/c8181ff6-16a9-497e-86ce-8bcb3d8c3578/resourceGroups/project-1/providers/Microsoft.Network/virtualNetworks/vnet-1",
            "location": "centralindia",
            "name": "vnet-1",
            "resource_group_name": "project-1",
            "subnet": [
              {
                "address_prefix": "192.168.1.0/24",
                "id": "/subscriptions/c8181ff6-16a9-497e-86ce-8bcb3d8c3578/resourceGroups/project-1/providers/Microsoft.Network/virtualNetworks/vnet-1/subnets/web-01",
                "name": "web-01",
                "security_group": ""
              },
              {
                "address_prefix": "192.168.2.0/24",
                "id": "/subscriptions/c8181ff6-16a9-497e-86ce-8bcb3d8c3578/resourceGroups/project-1/providers/Microsoft.Network/virtualNetworks/vnet-1/subnets/app-01",
                "name": "app-01",
                "security_group": ""
              },
              {
                "address_prefix": "192.168.3.0/24",
                "id": "/subscriptions/c8181ff6-16a9-497e-86ce-8bcb3d8c3578/resourceGroups/project-1/providers/Microsoft.Network/virtualNetworks/vnet-1/subnets/db-01",
                "name": "db-01",
                "security_group": ""
              }
            ],
            "tags": {
              "Application Support": "yash@abc.com",
              "Business Vertical": "Demo",
              "CC Code": "456",
              "Owner": "yash@abc.com",
              "Owner Supervisor": "yash@abc.com",
              "PID": "Shared",
              "Project Name": "Demo_r2",
              "Provisioning Request": "98765",
              "SDO Code": "123",
              "Stack": "Prod"
            },
            "timeouts": null
          },
          "sensitive_attributes": [],
          "private": "eyJlMmJmYjczMC1lY2FhLTExZTYtOGY4OC0zNDM2M2JjN2M0YzAiOnsiY3JlYXRlIjoxODAwMDAwMDAwMDAwLCJkZWxldGUiOjE4MDAwMDAwMDAwMDAsInJlYWQiOjMwMDAwMDAwMDAwMCwidXBkYXRlIjoxODAwMDAwMDAwMDAwfX0=",
          "dependencies": [
            "azurerm_resource_group.yrg"
          ]
        }
      ]
    },
    {
      "mode": "managed",
      "type": "azurerm_windows_web_app",
      "name": "yapp",
      "provider": "provider[\"registry.terraform.io/hashicorp/azurerm\"]",
      "instances": [
        {
          "schema_version": 0,
          "attributes": {
            "app_settings": {},
            "auth_settings": [
              {
                "active_directory": [],
                "additional_login_parameters": {},
                "allowed_external_redirect_urls": [],
                "default_provider": "",
                "enabled": false,
                "facebook": [],
                "github": [],
                "google": [],
                "issuer": "",
                "microsoft": [],
                "runtime_version": "",
                "token_refresh_extension_hours": 0,
                "token_store_enabled": false,
                "twitter": [],
                "unauthenticated_client_action": ""
              }
            ],
            "backup": [],
            "client_affinity_enabled": false,
            "client_certificate_enabled": false,
            "client_certificate_mode": "Required",
            "connection_string": [],
            "custom_domain_verification_id": "A84FCE5E27D11FD1A4002B93E901AD68467ED00D1B841B606AD6A6D01CBA0174",
            "default_hostname": "demo-apprwt4554.azurewebsites.net",
            "enabled": true,
            "https_only": true,
            "id": "/subscriptions/c8181ff6-16a9-497e-86ce-8bcb3d8c3578/resourceGroups/project-1/providers/Microsoft.Web/sites/demo-apprwt4554",
            "identity": [],
            "key_vault_reference_identity_id": "SystemAssigned",
            "kind": "app",
            "location": "centralindia",
            "logs": [],
            "name": "demo-apprwt4554",
            "outbound_ip_address_list": [
              "52.172.254.13",
              "52.172.254.123",
              "52.172.251.147",
              "52.172.250.190",
              "52.172.251.182",
              "52.172.254.170",
              "20.192.98.160"
            ],
            "outbound_ip_addresses": "52.172.254.13,52.172.254.123,52.172.251.147,52.172.250.190,52.172.251.182,52.172.254.170,20.192.98.160",
            "possible_outbound_ip_address_list": [
              "52.172.254.13",
              "52.172.254.123",
              "52.172.251.147",
              "52.172.250.190",
              "52.172.251.182",
              "52.172.254.170",
              "52.172.254.177",
              "52.172.254.189",
              "52.172.254.198",
              "52.172.255.142",
              "52.172.255.153",
              "52.172.255.156",
              "20.193.232.32",
              "52.172.255.171",
              "20.193.232.86",
              "52.172.252.219",
              "52.172.253.208",
              "52.172.254.234",
              "52.172.255.89",
              "20.193.232.144",
              "20.193.234.93",
              "20.193.237.31",
              "20.193.238.63",
              "20.193.238.119",
              "20.193.239.34",
              "20.193.239.251",
              "20.193.239.87",
              "20.198.113.66",
              "20.193.233.9",
              "40.80.83.242",
              "20.192.98.160"
            ],
            "possible_outbound_ip_addresses": "52.172.254.13,52.172.254.123,52.172.251.147,52.172.250.190,52.172.251.182,52.172.254.170,52.172.254.177,52.172.254.189,52.172.254.198,52.172.255.142,52.172.255.153,52.172.255.156,20.193.232.32,52.172.255.171,20.193.232.86,52.172.252.219,52.172.253.208,52.172.254.234,52.172.255.89,20.193.232.144,20.193.234.93,20.193.237.31,20.193.238.63,20.193.238.119,20.193.239.34,20.193.239.251,20.193.239.87,20.198.113.66,20.193.233.9,40.80.83.242,20.192.98.160",
            "resource_group_name": "project-1",
            "service_plan_id": "/subscriptions/c8181ff6-16a9-497e-86ce-8bcb3d8c3578/resourceGroups/project-1/providers/Microsoft.Web/serverfarms/Demo-asp",
            "site_config": [
              {
                "always_on": true,
                "api_definition_url": "",
                "api_management_api_id": "",
                "app_command_line": "",
                "application_stack": [
                  {
                    "current_stack": "",
                    "docker_container_name": "",
                    "docker_container_registry": "",
                    "docker_container_tag": "",
                    "dotnet_version": "v4.0",
                    "java_container": "",
                    "java_container_version": "",
                    "java_version": "",
                    "node_version": "",
                    "php_version": "5.6",
                    "python_version": ""
                  }
                ],
                "auto_heal_enabled": false,
                "auto_heal_setting": [],
                "container_registry_managed_identity_client_id": "",
                "container_registry_use_managed_identity": false,
                "cors": [],
                "default_documents": [
                  "Default.htm",
                  "Default.html",
                  "Default.asp",
                  "index.htm",
                  "index.html",
                  "iisstart.htm",
                  "default.aspx",
                  "index.php",
                  "hostingstart.html"
                ],
                "detailed_error_logging_enabled": false,
                "ftps_state": "Disabled",
                "health_check_eviction_time_in_min": 0,
                "health_check_path": "",
                "http2_enabled": false,
                "ip_restriction": [
                  {
                    "action": "Allow",
                    "headers": [],
                    "ip_address": "",
                    "name": "FrontDoorOnly",
                    "priority": 1000,
                    "service_tag": "AzureFrontDoor.Backend",
                    "virtual_network_subnet_id": ""
                  }
                ],
                "linux_fx_version": "",
                "load_balancing_mode": "LeastRequests",
                "local_mysql_enabled": false,
                "managed_pipeline_mode": "Integrated",
                "minimum_tls_version": "1.2",
                "remote_debugging_enabled": false,
                "remote_debugging_version": "VS2019",
                "scm_ip_restriction": [
                  {
                    "action": "Allow",
                    "headers": [],
                    "ip_address": "",
                    "name": "Subnet1rule",
                    "priority": 2000,
                    "service_tag": "",
                    "virtual_network_subnet_id": "/subscriptions/c8181ff6-16a9-497e-86ce-8bcb3d8c3578/resourceGroups/project-1/providers/Microsoft.Network/virtualNetworks/vnet-1/subnets/web-01"
                  }
                ],
                "scm_minimum_tls_version": "1.2",
                "scm_type": "None",
                "scm_use_main_ip_restriction": false,
                "use_32_bit_worker": true,
                "virtual_application": [],
                "vnet_route_all_enabled": false,
                "websockets_enabled": false,
                "windows_fx_version": "",
                "worker_count": 1
              }
            ],
            "site_credential": [
              {
                "name": "$demo-apprwt4554",
                "password": "fSFYzaMJGeLoGlLwPe7JoqdbtaYWjdxY2rXpShypdaap7sYzGsNvd3mCNBST"
              }
            ],
            "sticky_settings": [],
            "storage_account": [],
            "tags": {
              "Application Support": "yash@abc.com",
              "Business Vertical": "Demo",
              "CC Code": "456",
              "Owner": "yash@abc.com",
              "Owner Supervisor": "yash@abc.com",
              "PID": "Shared",
              "Project Name": "Demo_r2",
              "Provisioning Request": "98765",
              "SDO Code": "123",
              "Stack": "Prod"
            },
            "timeouts": null
          },
          "sensitive_attributes": [],
          "private": "eyJlMmJmYjczMC1lY2FhLTExZTYtOGY4OC0zNDM2M2JjN2M0YzAiOnsiY3JlYXRlIjoxODAwMDAwMDAwMDAwLCJkZWxldGUiOjE4MDAwMDAwMDAwMDAsInJlYWQiOjMwMDAwMDAwMDAwMCwidXBkYXRlIjoxODAwMDAwMDAwMDAwfX0=",
          "dependencies": [
            "azurerm_resource_group.yrg",
            "azurerm_service_plan.yappplan",
            "azurerm_subnet.ysubnet1",
            "azurerm_virtual_network.yvnet"
          ]
        }
      ]
    },
    {
      "mode": "managed",
      "type": "random_string",
      "name": "random",
      "provider": "provider[\"registry.terraform.io/hashicorp/random\"]",
      "instances": [
        {
          "schema_version": 2,
          "attributes": {
            "id": "welt49tmdu",
            "keepers": null,
            "length": 10,
            "lower": true,
            "min_lower": 0,
            "min_numeric": 0,
            "min_special": 0,
            "min_upper": 0,
            "number": true,
            "numeric": true,
            "override_special": null,
            "result": "welt49tmdu",
            "special": false,
            "upper": false
          },
          "sensitive_attributes": []
        }
      ]
    }
  ],
  "check_results": []
}
